
Microsoft Visual Studio Solution File, Format Version 12.00
# Visual Studio 15
VisualStudioVersion = 15.0.28307.271
MinimumVisualStudioVersion = 10.0.40219.1
Project("{FAE04EC0-301F-11D3-BF4B-00C04F79EFBC}") = "CompilerDevelopment", "CompilerDevelopment\CompilerDevelopment.csproj", "{96659C83-3ACC-454D-A5A1-2339A33FD7FB}"
EndProject
Global
	GlobalSection(SolutionConfigurationPlatforms) = preSolution
		Debug|Any CPU = Debug|Any CPU
		Release|Any CPU = Release|Any CPU
	EndGlobalSection
	GlobalSection(ProjectConfigurationPlatforms) = postSolution
		{96659C83-3ACC-454D-A5A1-2339A33FD7FB}.Debug|Any CPU.ActiveCfg = Debug|Any CPU
		{96659C83-3ACC-454D-A5A1-2339A33FD7FB}.Debug|Any CPU.Build.0 = Debug|Any CPU
		{96659C83-3ACC-454D-A5A1-2339A33FD7FB}.Release|Any CPU.ActiveCfg = Release|Any CPU
		{96659C83-3ACC-454D-A5A1-2339A33FD7FB}.Release|Any CPU.Build.0 = Release|Any CPU
	EndGlobalSection
	GlobalSection(SolutionProperties) = preSolution
		HideSolutionNode = FALSE
	EndGlobalSection
	GlobalSection(ExtensibilityGlobals) = postSolution
		SolutionGuid = {1B32ED10-C386-4A1F-93F1-D8871DFC0B4A}
	EndGlobalSection
EndGlobal
